
Microsoft Visual Studio Solution File, Format Version 12.00
# Visual Studio Version 18
VisualStudioVersion = 18.3.11512.155 d18.3
MinimumVisualStudioVersion = 10.0.40219.1
Project("{FAE04EC0-301F-11D3-BF4B-00C04F79EFBC}") = "Logging", "Logging\Logging.csproj", "{0FB446EB-D121-41C7-A67A-C274BC127B8C}"
EndProject
Project("{FAE04EC0-301F-11D3-BF4B-00C04F79EFBC}") = "Files", "Files\Files.csproj", "{02B0B75A-8B93-49C0-8241-22637C020FF6}"
EndProject
Project("{FAE04EC0-301F-11D3-BF4B-00C04F79EFBC}") = "Signing", "Signing\Signing.csproj", "{6DC1E2C7-3B5E-4DC5-B7A4-6628C53F0709}"
EndProject
Project("{FAE04EC0-301F-11D3-BF4B-00C04F79EFBC}") = "RabbitMQMessaging", "Messaging\RabbitMQMessaging.csproj", "{4D75CEBD-1D2C-4666-9CEE-07AD8109E9AF}"
EndProject
Project("{2150E333-8FDC-42A3-9474-1A3956D46DE8}") = "lifecycles", "lifecycles", "{F52A81E8-1953-48B1-9989-7CBDCFAFC0E4}"
EndProject
Project("{FAE04EC0-301F-11D3-BF4B-00C04F79EFBC}") = "SampleActivities", "SampleActivities\SampleActivities.csproj", "{EB424AF0-6D1D-447E-B90A-273972FBD433}"
EndProject
Project("{FAE04EC0-301F-11D3-BF4B-00C04F79EFBC}") = "SigningActivities", "SigningActivities\SigningActivities.csproj", "{FAAF4C52-D0DC-44A3-8468-9BB4ED865C1E}"
EndProject
Project("{2150E333-8FDC-42A3-9474-1A3956D46DE8}") = "activities", "activities", "{53338A12-64EF-465A-9007-C1FA366959FD}"
EndProject
Project("{FAE04EC0-301F-11D3-BF4B-00C04F79EFBC}") = "Stamping", "Stamping\Stamping.csproj", "{324F0E6C-CBAE-40B9-903D-2B31591B47D0}"
EndProject
Project("{2150E333-8FDC-42A3-9474-1A3956D46DE8}") = "api", "api", "{D3F37B41-0B39-46FC-9E5C-BE2A6F3A561A}"
EndProject
Project("{FAE04EC0-301F-11D3-BF4B-00C04F79EFBC}") = "SigningWebApi", "SigningWebApi\SigningWebApi.csproj", "{15323442-13ED-4050-A478-0DA85D22A839}"
EndProject
Project("{FAE04EC0-301F-11D3-BF4B-00C04F79EFBC}") = "PushToRabbitMQActivity", "PushToRabbitMQActivity\PushToRabbitMQActivity.csproj", "{F6E1CDCB-55E0-4F63-93BE-B50B287A8E84}"
EndProject
Project("{FAE04EC0-301F-11D3-BF4B-00C04F79EFBC}") = "Common", "Common\Common.csproj", "{E8CD30F0-C7AA-45B7-B31F-7C2D727824C5}"
EndProject
Project("{FAE04EC0-301F-11D3-BF4B-00C04F79EFBC}") = "Format", "Format\Format.csproj", "{A5A1649F-B93C-4640-AA72-3743E1071C8A}"
EndProject
Project("{FAE04EC0-301F-11D3-BF4B-00C04F79EFBC}") = "RabbitMQTests", "RabbitMQTests\RabbitMQTests.csproj", "{6B96D367-A1C8-49A9-AC5C-4255DF76714B}"
EndProject
Project("{FAE04EC0-301F-11D3-BF4B-00C04F79EFBC}") = "SigningWithCertsTests", "SigningWithCertsTests\SigningWithCertsTests.csproj", "{974BCA1A-4572-4A30-BDA9-C2D6D8611A06}"
EndProject
Project("{2150E333-8FDC-42A3-9474-1A3956D46DE8}") = "Messaging", "Messaging", "{C11D6076-0B20-4B9E-AEC9-D83C8DDAB8C7}"
EndProject
Project("{2150E333-8FDC-42A3-9474-1A3956D46DE8}") = "Signing", "Signing", "{5995416D-CC94-49CB-97C5-B8D1981B6AB9}"
EndProject
Project("{2150E333-8FDC-42A3-9474-1A3956D46DE8}") = "Shared", "Shared", "{73F3A026-6D7C-4CD6-9FCE-7DBC0F385E76}"
EndProject
Global
	GlobalSection(SolutionConfigurationPlatforms) = preSolution
		Debug|Any CPU = Debug|Any CPU
		Release|Any CPU = Release|Any CPU
	EndGlobalSection
	GlobalSection(ProjectConfigurationPlatforms) = postSolution
		{0FB446EB-D121-41C7-A67A-C274BC127B8C}.Debug|Any CPU.ActiveCfg = Debug|Any CPU
		{0FB446EB-D121-41C7-A67A-C274BC127B8C}.Debug|Any CPU.Build.0 = Debug|Any CPU
		{0FB446EB-D121-41C7-A67A-C274BC127B8C}.Release|Any CPU.ActiveCfg = Release|Any CPU
		{0FB446EB-D121-41C7-A67A-C274BC127B8C}.Release|Any CPU.Build.0 = Release|Any CPU
		{02B0B75A-8B93-49C0-8241-22637C020FF6}.Debug|Any CPU.ActiveCfg = Debug|Any CPU
		{02B0B75A-8B93-49C0-8241-22637C020FF6}.Debug|Any CPU.Build.0 = Debug|Any CPU
		{02B0B75A-8B93-49C0-8241-22637C020FF6}.Release|Any CPU.ActiveCfg = Release|Any CPU
		{02B0B75A-8B93-49C0-8241-22637C020FF6}.Release|Any CPU.Build.0 = Release|Any CPU
		{6DC1E2C7-3B5E-4DC5-B7A4-6628C53F0709}.Debug|Any CPU.ActiveCfg = Debug|Any CPU
		{6DC1E2C7-3B5E-4DC5-B7A4-6628C53F0709}.Debug|Any CPU.Build.0 = Debug|Any CPU
		{6DC1E2C7-3B5E-4DC5-B7A4-6628C53F0709}.Release|Any CPU.ActiveCfg = Release|Any CPU
		{6DC1E2C7-3B5E-4DC5-B7A4-6628C53F0709}.Release|Any CPU.Build.0 = Release|Any CPU
		{4D75CEBD-1D2C-4666-9CEE-07AD8109E9AF}.Debug|Any CPU.ActiveCfg = Debug|Any CPU
		{4D75CEBD-1D2C-4666-9CEE-07AD8109E9AF}.Debug|Any CPU.Build.0 = Debug|Any CPU
		{4D75CEBD-1D2C-4666-9CEE-07AD8109E9AF}.Release|Any CPU.ActiveCfg = Release|Any CPU
		{4D75CEBD-1D2C-4666-9CEE-07AD8109E9AF}.Release|Any CPU.Build.0 = Release|Any CPU
		{EB424AF0-6D1D-447E-B90A-273972FBD433}.Debug|Any CPU.ActiveCfg = Debug|Any CPU
		{EB424AF0-6D1D-447E-B90A-273972FBD433}.Debug|Any CPU.Build.0 = Debug|Any CPU
		{EB424AF0-6D1D-447E-B90A-273972FBD433}.Release|Any CPU.ActiveCfg = Release|Any CPU
		{EB424AF0-6D1D-447E-B90A-273972FBD433}.Release|Any CPU.Build.0 = Release|Any CPU
		{FAAF4C52-D0DC-44A3-8468-9BB4ED865C1E}.Debug|Any CPU.ActiveCfg = Debug|Any CPU
		{FAAF4C52-D0DC-44A3-8468-9BB4ED865C1E}.Debug|Any CPU.Build.0 = Debug|Any CPU
		{FAAF4C52-D0DC-44A3-8468-9BB4ED865C1E}.Release|Any CPU.ActiveCfg = Release|Any CPU
		{FAAF4C52-D0DC-44A3-8468-9BB4ED865C1E}.Release|Any CPU.Build.0 = Release|Any CPU
		{324F0E6C-CBAE-40B9-903D-2B31591B47D0}.Debug|Any CPU.ActiveCfg = Debug|Any CPU
		{324F0E6C-CBAE-40B9-903D-2B31591B47D0}.Debug|Any CPU.Build.0 = Debug|Any CPU
		{324F0E6C-CBAE-40B9-903D-2B31591B47D0}.Release|Any CPU.ActiveCfg = Release|Any CPU
		{324F0E6C-CBAE-40B9-903D-2B31591B47D0}.Release|Any CPU.Build.0 = Release|Any CPU
		{15323442-13ED-4050-A478-0DA85D22A839}.Debug|Any CPU.ActiveCfg = Debug|Any CPU
		{15323442-13ED-4050-A478-0DA85D22A839}.Debug|Any CPU.Build.0 = Debug|Any CPU
		{15323442-13ED-4050-A478-0DA85D22A839}.Release|Any CPU.ActiveCfg = Release|Any CPU
		{15323442-13ED-4050-A478-0DA85D22A839}.Release|Any CPU.Build.0 = Release|Any CPU
		{F6E1CDCB-55E0-4F63-93BE-B50B287A8E84}.Debug|Any CPU.ActiveCfg = Debug|Any CPU
		{F6E1CDCB-55E0-4F63-93BE-B50B287A8E84}.Debug|Any CPU.Build.0 = Debug|Any CPU
		{F6E1CDCB-55E0-4F63-93BE-B50B287A8E84}.Release|Any CPU.ActiveCfg = Release|Any CPU
		{F6E1CDCB-55E0-4F63-93BE-B50B287A8E84}.Release|Any CPU.Build.0 = Release|Any CPU
		{E8CD30F0-C7AA-45B7-B31F-7C2D727824C5}.Debug|Any CPU.ActiveCfg = Debug|Any CPU
		{E8CD30F0-C7AA-45B7-B31F-7C2D727824C5}.Debug|Any CPU.Build.0 = Debug|Any CPU
		{E8CD30F0-C7AA-45B7-B31F-7C2D727824C5}.Release|Any CPU.ActiveCfg = Release|Any CPU
		{E8CD30F0-C7AA-45B7-B31F-7C2D727824C5}.Release|Any CPU.Build.0 = Release|Any CPU
		{A5A1649F-B93C-4640-AA72-3743E1071C8A}.Debug|Any CPU.ActiveCfg = Debug|Any CPU
		{A5A1649F-B93C-4640-AA72-3743E1071C8A}.Debug|Any CPU.Build.0 = Debug|Any CPU
		{A5A1649F-B93C-4640-AA72-3743E1071C8A}.Release|Any CPU.ActiveCfg = Release|Any CPU
		{A5A1649F-B93C-4640-AA72-3743E1071C8A}.Release|Any CPU.Build.0 = Release|Any CPU
		{6B96D367-A1C8-49A9-AC5C-4255DF76714B}.Debug|Any CPU.ActiveCfg = Debug|Any CPU
		{6B96D367-A1C8-49A9-AC5C-4255DF76714B}.Debug|Any CPU.Build.0 = Debug|Any CPU
		{6B96D367-A1C8-49A9-AC5C-4255DF76714B}.Release|Any CPU.ActiveCfg = Release|Any CPU
		{6B96D367-A1C8-49A9-AC5C-4255DF76714B}.Release|Any CPU.Build.0 = Release|Any CPU
		{974BCA1A-4572-4A30-BDA9-C2D6D8611A06}.Debug|Any CPU.ActiveCfg = Debug|Any CPU
		{974BCA1A-4572-4A30-BDA9-C2D6D8611A06}.Debug|Any CPU.Build.0 = Debug|Any CPU
		{974BCA1A-4572-4A30-BDA9-C2D6D8611A06}.Release|Any CPU.ActiveCfg = Release|Any CPU
		{974BCA1A-4572-4A30-BDA9-C2D6D8611A06}.Release|Any CPU.Build.0 = Release|Any CPU
	EndGlobalSection
	GlobalSection(SolutionProperties) = preSolution
		HideSolutionNode = FALSE
	EndGlobalSection
	GlobalSection(NestedProjects) = preSolution
		{0FB446EB-D121-41C7-A67A-C274BC127B8C} = {73F3A026-6D7C-4CD6-9FCE-7DBC0F385E76}
		{02B0B75A-8B93-49C0-8241-22637C020FF6} = {73F3A026-6D7C-4CD6-9FCE-7DBC0F385E76}
		{6DC1E2C7-3B5E-4DC5-B7A4-6628C53F0709} = {5995416D-CC94-49CB-97C5-B8D1981B6AB9}
		{4D75CEBD-1D2C-4666-9CEE-07AD8109E9AF} = {C11D6076-0B20-4B9E-AEC9-D83C8DDAB8C7}
		{EB424AF0-6D1D-447E-B90A-273972FBD433} = {53338A12-64EF-465A-9007-C1FA366959FD}
		{FAAF4C52-D0DC-44A3-8468-9BB4ED865C1E} = {5995416D-CC94-49CB-97C5-B8D1981B6AB9}
		{53338A12-64EF-465A-9007-C1FA366959FD} = {F52A81E8-1953-48B1-9989-7CBDCFAFC0E4}
		{324F0E6C-CBAE-40B9-903D-2B31591B47D0} = {5995416D-CC94-49CB-97C5-B8D1981B6AB9}
		{15323442-13ED-4050-A478-0DA85D22A839} = {5995416D-CC94-49CB-97C5-B8D1981B6AB9}
		{F6E1CDCB-55E0-4F63-93BE-B50B287A8E84} = {C11D6076-0B20-4B9E-AEC9-D83C8DDAB8C7}
		{E8CD30F0-C7AA-45B7-B31F-7C2D727824C5} = {D3F37B41-0B39-46FC-9E5C-BE2A6F3A561A}
		{A5A1649F-B93C-4640-AA72-3743E1071C8A} = {73F3A026-6D7C-4CD6-9FCE-7DBC0F385E76}
		{6B96D367-A1C8-49A9-AC5C-4255DF76714B} = {C11D6076-0B20-4B9E-AEC9-D83C8DDAB8C7}
		{974BCA1A-4572-4A30-BDA9-C2D6D8611A06} = {5995416D-CC94-49CB-97C5-B8D1981B6AB9}
	EndGlobalSection
	GlobalSection(ExtensibilityGlobals) = postSolution
		SolutionGuid = {6E1725A0-8B91-4267-BFCF-6213C1967763}
	EndGlobalSection
EndGlobal
